
Microsoft Visual Studio Solution File, Format Version 12.00
# Visual Studio Version 17
VisualStudioVersion = 17.9.34616.47
MinimumVisualStudioVersion = 10.0.40219.1
Project("{FAE04EC0-301F-11D3-BF4B-00C04F79EFBC}") = "MyPortfolio", "MyPortfolio.csproj", "{C77AC397-B70F-44F1-8E74-C606E9881163}"
EndProject
Global
	GlobalSection(SolutionConfigurationPlatforms) = preSolution
		Debug|Any CPU = Debug|Any CPU
		Release|Any CPU = Release|Any CPU
	EndGlobalSection
	GlobalSection(ProjectConfigurationPlatforms) = postSolution
		{C77AC397-B70F-44F1-8E74-C606E9881163}.Debug|Any CPU.ActiveCfg = Debug|Any CPU
		{C77AC397-B70F-44F1-8E74-C606E9881163}.Debug|Any CPU.Build.0 = Debug|Any CPU
		{C77AC397-B70F-44F1-8E74-C606E9881163}.Release|Any CPU.ActiveCfg = Release|Any CPU
		{C77AC397-B70F-44F1-8E74-C606E9881163}.Release|Any CPU.Build.0 = Release|Any CPU
	EndGlobalSection
	GlobalSection(SolutionProperties) = preSolution
		HideSolutionNode = FALSE
	EndGlobalSection
	GlobalSection(ExtensibilityGlobals) = postSolution
		SolutionGuid = {DE4593F7-2B4C-4482-BFDB-DDD6AFD8D17D}
	EndGlobalSection
EndGlobal
